
Microsoft Visual Studio Solution File, Format Version 12.00
# Visual Studio Version 17
VisualStudioVersion = 17.3.32901.215
MinimumVisualStudioVersion = 10.0.40219.1
Project("{FAE04EC0-301F-11D3-BF4B-00C04F79EFBC}") = "ntp3", "ntp3\ntp3.csproj", "{CC17CE53-4AEE-41C2-924D-F5A12AFF9785}"
EndProject
Global
	GlobalSection(SolutionConfigurationPlatforms) = preSolution
		Debug|Any CPU = Debug|Any CPU
		Release|Any CPU = Release|Any CPU
	EndGlobalSection
	GlobalSection(ProjectConfigurationPlatforms) = postSolution
		{CC17CE53-4AEE-41C2-924D-F5A12AFF9785}.Debug|Any CPU.ActiveCfg = Debug|Any CPU
		{CC17CE53-4AEE-41C2-924D-F5A12AFF9785}.Debug|Any CPU.Build.0 = Debug|Any CPU
		{CC17CE53-4AEE-41C2-924D-F5A12AFF9785}.Release|Any CPU.ActiveCfg = Release|Any CPU
		{CC17CE53-4AEE-41C2-924D-F5A12AFF9785}.Release|Any CPU.Build.0 = Release|Any CPU
	EndGlobalSection
	GlobalSection(SolutionProperties) = preSolution
		HideSolutionNode = FALSE
	EndGlobalSection
	GlobalSection(ExtensibilityGlobals) = postSolution
		SolutionGuid = {3C408ADD-23BE-4E7D-8493-119C64E28C1D}
	EndGlobalSection
EndGlobal
